
Microsoft Visual Studio Solution File, Format Version 12.00
# Visual Studio Version 17
VisualStudioVersion = 17.7.34024.191
MinimumVisualStudioVersion = 10.0.40219.1
Project("{FAE04EC0-301F-11D3-BF4B-00C04F79EFBC}") = "PolishNotationConverter", "PolishNotationConverter\PolishNotationConverter.csproj", "{D37DACEF-7FC5-4A42-A08A-3F6DF8B70A4E}"
EndProject
Project("{2150E333-8FDC-42A3-9474-1A3956D46DE8}") = "Elementos de la solución", "Elementos de la solución", "{3DC281C9-4033-4655-880C-AF51CB4346F4}"
	ProjectSection(SolutionItems) = preProject
		PolishNotationConverter\Converter.cs = PolishNotationConverter\Converter.cs
	EndProjectSection
EndProject
Global
	GlobalSection(SolutionConfigurationPlatforms) = preSolution
		Debug|Any CPU = Debug|Any CPU
		Release|Any CPU = Release|Any CPU
	EndGlobalSection
	GlobalSection(ProjectConfigurationPlatforms) = postSolution
		{D37DACEF-7FC5-4A42-A08A-3F6DF8B70A4E}.Debug|Any CPU.ActiveCfg = Debug|Any CPU
		{D37DACEF-7FC5-4A42-A08A-3F6DF8B70A4E}.Debug|Any CPU.Build.0 = Debug|Any CPU
		{D37DACEF-7FC5-4A42-A08A-3F6DF8B70A4E}.Release|Any CPU.ActiveCfg = Release|Any CPU
		{D37DACEF-7FC5-4A42-A08A-3F6DF8B70A4E}.Release|Any CPU.Build.0 = Release|Any CPU
	EndGlobalSection
	GlobalSection(SolutionProperties) = preSolution
		HideSolutionNode = FALSE
	EndGlobalSection
	GlobalSection(ExtensibilityGlobals) = postSolution
		SolutionGuid = {E8C8A550-A6EA-41BD-A3BB-3739D9A854D1}
	EndGlobalSection
EndGlobal
